
Microsoft Visual Studio Solution File, Format Version 12.00
# Visual Studio Version 17
VisualStudioVersion = 17.4.33122.133
MinimumVisualStudioVersion = 10.0.40219.1
Project("{FAE04EC0-301F-11D3-BF4B-00C04F79EFBC}") = "WebAPIPractice", "WebAPIPractice.csproj", "{8800E023-C38B-4BD7-A4ED-04AAB5A42FCE}"
EndProject
Global
	GlobalSection(SolutionConfigurationPlatforms) = preSolution
		Debug|Any CPU = Debug|Any CPU
		Release|Any CPU = Release|Any CPU
	EndGlobalSection
	GlobalSection(ProjectConfigurationPlatforms) = postSolution
		{8800E023-C38B-4BD7-A4ED-04AAB5A42FCE}.Debug|Any CPU.ActiveCfg = Debug|Any CPU
		{8800E023-C38B-4BD7-A4ED-04AAB5A42FCE}.Debug|Any CPU.Build.0 = Debug|Any CPU
		{8800E023-C38B-4BD7-A4ED-04AAB5A42FCE}.Release|Any CPU.ActiveCfg = Release|Any CPU
		{8800E023-C38B-4BD7-A4ED-04AAB5A42FCE}.Release|Any CPU.Build.0 = Release|Any CPU
	EndGlobalSection
	GlobalSection(SolutionProperties) = preSolution
		HideSolutionNode = FALSE
	EndGlobalSection
	GlobalSection(ExtensibilityGlobals) = postSolution
		SolutionGuid = {A6FE948C-D980-4326-A030-47EBDCCB6D12}
	EndGlobalSection
EndGlobal
